// !$*UTF8*$!
{
	archiveVersion = 1;
	classes = {
	};
	objectVersion = 46;
	objects = {

/* Begin PBXBuildFile section */
		A53724941C1FB87B00441A08 /* main.m in Sources */ = {isa = PBXBuildFile; fileRef = A53724931C1FB87B00441A08 /* main.m */; };
		A53724971C1FB87B00441A08 /* AppDelegate.m in Sources */ = {isa = PBXBuildFile; fileRef = A53724961C1FB87B00441A08 /* AppDelegate.m */; };
		A537249A1C1FB87B00441A08 /* ViewController.m in Sources */ = {isa = PBXBuildFile; fileRef = A53724991C1FB87B00441A08 /* ViewController.m */; };
		A537249D1C1FB87B00441A08 /* Main.storyboard in Resources */ = {isa = PBXBuildFile; fileRef = A537249B1C1FB87B00441A08 /* Main.storyboard */; };
		A537249F1C1FB87B00441A08 /* Images.xcassets in Resources */ = {isa = PBXBuildFile; fileRef = A537249E1C1FB87B00441A08 /* Images.xcassets */; };
		A53724A21C1FB87B00441A08 /* LaunchScreen.xib in Resources */ = {isa = PBXBuildFile; fileRef = A53724A01C1FB87B00441A08 /* LaunchScreen.xib */; };
		A53724AE1C1FB87B00441A08 /* LogTests.m in Sources */ = {isa = PBXBuildFile; fileRef = A53724AD1C1FB87B00441A08 /* LogTests.m */; };
		A5CCAC261C2A33DF00DB1040 /* YYLogView.m in Sources */ = {isa = PBXBuildFile; fileRef = A5CCAC251C2A33DF00DB1040 /* YYLogView.m */; };
		A5D46B8C1C22C90600A9D792 /* FirstViewController.m in Sources */ = {isa = PBXBuildFile; fileRef = A5D46B8B1C22C90600A9D792 /* FirstViewController.m */; };
/* End PBXBuildFile section */

/* Begin PBXContainerItemProxy section */
		A53724A81C1FB87B00441A08 /* PBXContainerItemProxy */ = {
			isa = PBXContainerItemProxy;
			containerPortal = A53724861C1FB87B00441A08 /* Project object */;
			proxyType = 1;
			remoteGlobalIDString = A537248D1C1FB87B00441A08;
			remoteInfo = Log;
		};
/* End PBXContainerItemProxy section */

/* Begin PBXFileReference section */
		A537248E1C1FB87B00441A08 /* Log.app */ = {isa = PBXFileReference; explicitFileType = wrapper.application; includeInIndex = 0; path = Log.app; sourceTree = BUILT_PRODUCTS_DIR; };
		A53724921C1FB87B00441A08 /* Info.plist */ = {isa = PBXFileReference; lastKnownFileType = text.plist.xml; path = Info.plist; sourceTree = "<group>"; };
		A53724931C1FB87B00441A08 /* main.m */ = {isa = PBXFileReference; lastKnownFileType = sourcecode.c.objc; path = main.m; sourceTree = "<group>"; };
		A53724951C1FB87B00441A08 /* AppDelegate.h */ = {isa = PBXFileReference; lastKnownFileType = sourcecode.c.h; path = AppDelegate.h; sourceTree = "<group>"; };
		A53724961C1FB87B00441A08 /* AppDelegate.m */ = {isa = PBXFileReference; lastKnownFileType = sourcecode.c.objc; path = AppDelegate.m; sourceTree = "<group>"; };
		A53724981C1FB87B00441A08 /* ViewController.h */ = {isa = PBXFileReference; lastKnownFileType = sourcecode.c.h; path = ViewController.h; sourceTree = "<group>"; };
		A53724991C1FB87B00441A08 /* ViewController.m */ = {isa = PBXFileReference; lastKnownFileType = sourcecode.c.objc; path = ViewController.m; sourceTree = "<group>"; };
		A537249C1C1FB87B00441A08 /* Base */ = {isa = PBXFileReference; lastKnownFileType = file.storyboard; name = Base; path = Base.lproj/Main.storyboard; sourceTree = "<group>"; };
		A537249E1C1FB87B00441A08 /* Images.xcassets */ = {isa = PBXFileReference; lastKnownFileType = folder.assetcatalog; path = Images.xcassets; sourceTree = "<group>"; };
		A53724A11C1FB87B00441A08 /* Base */ = {isa = PBXFileReference; lastKnownFileType = file.xib; name = Base; path = Base.lproj/LaunchScreen.xib; sourceTree = "<group>"; };
		A53724A71C1FB87B00441A08 /* LogTests.xctest */ = {isa = PBXFileReference; explicitFileType = wrapper.cfbundle; includeInIndex = 0; path = LogTests.xctest; sourceTree = BUILT_PRODUCTS_DIR; };
		A53724AC1C1FB87B00441A08 /* Info.plist */ = {isa = PBXFileReference; lastKnownFileType = text.plist.xml; path = Info.plist; sourceTree = "<group>"; };
		A53724AD1C1FB87B00441A08 /* LogTests.m */ = {isa = PBXFileReference; lastKnownFileType = sourcecode.c.objc; path = LogTests.m; sourceTree = "<group>"; };
		A5CCAC241C2A33DF00DB1040 /* YYLogView.h */ = {isa = PBXFileReference; fileEncoding = 4; lastKnownFileType = sourcecode.c.h; path = YYLogView.h; sourceTree = "<group>"; };
		A5CCAC251C2A33DF00DB1040 /* YYLogView.m */ = {isa = PBXFileReference; fileEncoding = 4; lastKnownFileType = sourcecode.c.objc; path = YYLogView.m; sourceTree = "<group>"; };
		A5D46B8A1C22C90600A9D792 /* FirstViewController.h */ = {isa = PBXFileReference; fileEncoding = 4; lastKnownFileType = sourcecode.c.h; path = FirstViewController.h; sourceTree = "<group>"; };
		A5D46B8B1C22C90600A9D792 /* FirstViewController.m */ = {isa = PBXFileReference; fileEncoding = 4; lastKnownFileType = sourcecode.c.objc; path = FirstViewController.m; sourceTree = "<group>"; };
/* End PBXFileReference section */

/* Begin PBXFrameworksBuildPhase section */
		A537248B1C1FB87B00441A08 /* Frameworks */ = {
			isa = PBXFrameworksBuildPhase;
			buildActionMask = 2147483647;
			files = (
			);
			runOnlyForDeploymentPostprocessing = 0;
		};
		A53724A41C1FB87B00441A08 /* Frameworks */ = {
			isa = PBXFrameworksBuildPhase;
			buildActionMask = 2147483647;
			files = (
			);
			runOnlyForDeploymentPostprocessing = 0;
		};
/* End PBXFrameworksBuildPhase section */

/* Begin PBXGroup section */
		A53724851C1FB87B00441A08 = {
			isa = PBXGroup;
			children = (
				A53724901C1FB87B00441A08 /* Log */,
				A53724AA1C1FB87B00441A08 /* LogTests */,
				A537248F1C1FB87B00441A08 /* Products */,
			);
			sourceTree = "<group>";
		};
		A537248F1C1FB87B00441A08 /* Products */ = {
			isa = PBXGroup;
			children = (
				A537248E1C1FB87B00441A08 /* Log.app */,
				A53724A71C1FB87B00441A08 /* LogTests.xctest */,
			);
			name = Products;
			sourceTree = "<group>";
		};
		A53724901C1FB87B00441A08 /* Log */ = {
			isa = PBXGroup;
			children = (
				A53724951C1FB87B00441A08 /* AppDelegate.h */,
				A53724961C1FB87B00441A08 /* AppDelegate.m */,
				A5CCAC241C2A33DF00DB1040 /* YYLogView.h */,
				A5CCAC251C2A33DF00DB1040 /* YYLogView.m */,
				A53724981C1FB87B00441A08 /* ViewController.h */,
				A53724991C1FB87B00441A08 /* ViewController.m */,
				A5D46B8A1C22C90600A9D792 /* FirstViewController.h */,
				A5D46B8B1C22C90600A9D792 /* FirstViewController.m */,
				A537249B1C1FB87B00441A08 /* Main.storyboard */,
				A537249E1C1FB87B00441A08 /* Images.xcassets */,
				A53724A01C1FB87B00441A08 /* LaunchScreen.xib */,
				A53724911C1FB87B00441A08 /* Supporting Files */,
			);
			path = Log;
			sourceTree = "<group>";
		};
		A53724911C1FB87B00441A08 /* Supporting Files */ = {
			isa = PBXGroup;
			children = (
				A53724921C1FB87B00441A08 /* Info.plist */,
				A53724931C1FB87B00441A08 /* main.m */,
			);
			name = "Supporting Files";
			sourceTree = "<group>";
		};
		A53724AA1C1FB87B00441A08 /* LogTests */ = {
			isa = PBXGroup;
			children = (
				A53724AD1C1FB87B00441A08 /* LogTests.m */,
				A53724AB1C1FB87B00441A08 /* Supporting Files */,
			);
			path = LogTests;
			sourceTree = "<group>";
		};
		A53724AB1C1FB87B00441A08 /* Supporting Files */ = {
			isa = PBXGroup;
			children = (
				A53724AC1C1FB87B00441A08 /* Info.plist */,
			);
			name = "Supporting Files";
			sourceTree = "<group>";
		};
/* End PBXGroup section */

/* Begin PBXNativeTarget section */
		A537248D1C1FB87B00441A08 /* Log */ = {
			isa = PBXNativeTarget;
			buildConfigurationList = A53724B11C1FB87B00441A08 /* Build configuration list for PBXNativeTarget "Log" */;
			buildPhases = (
				A537248A1C1FB87B00441A08 /* Sources */,
				A537248B1C1FB87B00441A08 /* Frameworks */,
				A537248C1C1FB87B00441A08 /* Resources */,
			);
			buildRules = (
			);
			dependencies = (
			);
			name = Log;
			productName = Log;
			productReference = A537248E1C1FB87B00441A08 /* Log.app */;
			productType = "com.apple.product-type.application";
		};
		A53724A61C1FB87B00441A08 /* LogTests */ = {
			isa = PBXNativeTarget;
			buildConfigurationList = A53724B41C1FB87B00441A08 /* Build configuration list for PBXNativeTarget "LogTests" */;
			buildPhases = (
				A53724A31C1FB87B00441A08 /* Sources */,
				A53724A41C1FB87B00441A08 /* Frameworks */,
				A53724A51C1FB87B00441A08 /* Resources */,
			);
			buildRules = (
			);
			dependencies = (
				A53724A91C1FB87B00441A08 /* PBXTargetDependency */,
			);
			name = LogTests;
			productName = LogTests;
			productReference = A53724A71C1FB87B00441A08 /* LogTests.xctest */;
			productType = "com.apple.product-type.bundle.unit-test";
		};
/* End PBXNativeTarget section */

/* Begin PBXProject section */
		A53724861C1FB87B00441A08 /* Project object */ = {
			isa = PBXProject;
			attributes = {
				LastUpgradeCheck = 0640;
				ORGANIZATIONNAME = yyMae;
				TargetAttributes = {
					A537248D1C1FB87B00441A08 = {
						CreatedOnToolsVersion = 6.4;
					};
					A53724A61C1FB87B00441A08 = {
						CreatedOnToolsVersion = 6.4;
						TestTargetID = A537248D1C1FB87B00441A08;
					};
				};
			};
			buildConfigurationList = A53724891C1FB87B00441A08 /* Build configuration list for PBXProject "Log" */;
			compatibilityVersion = "Xcode 3.2";
			developmentRegion = English;
			hasScannedForEncodings = 0;
			knownRegions = (
				en,
				Base,
			);
			mainGroup = A53724851C1FB87B00441A08;
			productRefGroup = A537248F1C1FB87B00441A08 /* Products */;
			projectDirPath = "";
			projectRoot = "";
			targets = (
				A537248D1C1FB87B00441A08 /* Log */,
				A53724A61C1FB87B00441A08 /* LogTests */,
			);
		};
/* End PBXProject section */

/* Begin PBXResourcesBuildPhase section */
		A537248C1C1FB87B00441A08 /* Resources */ = {
			isa = PBXResourcesBuildPhase;
			buildActionMask = 2147483647;
			files = (
				A537249D1C1FB87B00441A08 /* Main.storyboard in Resources */,
				A53724A21C1FB87B00441A08 /* LaunchScreen.xib in Resources */,
				A537249F1C1FB87B00441A08 /* Images.xcassets in Resources */,
			);
			runOnlyForDeploymentPostprocessing = 0;
		};
		A53724A51C1FB87B00441A08 /* Resources */ = {
			isa = PBXResourcesBuildPhase;
			buildActionMask = 2147483647;
			files = (
			);
			runOnlyForDeploymentPostprocessing = 0;
		};
/* End PBXResourcesBuildPhase section */

/* Begin PBXSourcesBuildPhase section */
		A537248A1C1FB87B00441A08 /* Sources */ = {
			isa = PBXSourcesBuildPhase;
			buildActionMask = 2147483647;
			files = (
				A537249A1C1FB87B00441A08 /* ViewController.m in Sources */,
				A53724971C1FB87B00441A08 /* AppDelegate.m in Sources */,
				A53724941C1FB87B00441A08 /* main.m in Sources */,
				A5CCAC261C2A33DF00DB1040 /* YYLogView.m in Sources */,
				A5D46B8C1C22C90600A9D792 /* FirstViewController.m in Sources */,
			);
			runOnlyForDeploymentPostprocessing = 0;
		};
		A53724A31C1FB87B00441A08 /* Sources */ = {
			isa = PBXSourcesBuildPhase;
			buildActionMask = 2147483647;
			files = (
				A53724AE1C1FB87B00441A08 /* LogTests.m in Sources */,
			);
			runOnlyForDeploymentPostprocessing = 0;
		};
/* End PBXSourcesBuildPhase section */

/* Begin PBXTargetDependency section */
		A53724A91C1FB87B00441A08 /* PBXTargetDependency */ = {
			isa = PBXTargetDependency;
			target = A537248D1C1FB87B00441A08 /* Log */;
			targetProxy = A53724A81C1FB87B00441A08 /* PBXContainerItemProxy */;
		};
/* End PBXTargetDependency section */

/* Begin PBXVariantGroup section */
		A537249B1C1FB87B00441A08 /* Main.storyboard */ = {
			isa = PBXVariantGroup;
			children = (
				A537249C1C1FB87B00441A08 /* Base */,
			);
			name = Main.storyboard;
			sourceTree = "<group>";
		};
		A53724A01C1FB87B00441A08 /* LaunchScreen.xib */ = {
			isa = PBXVariantGroup;
			children = (
				A53724A11C1FB87B00441A08 /* Base */,
			);
			name = LaunchScreen.xib;
			sourceTree = "<group>";
		};
/* End PBXVariantGroup section */

/* Begin XCBuildConfiguration section */
		A53724AF1C1FB87B00441A08 /* Debug */ = {
			isa = XCBuildConfiguration;
			buildSettings = {
				ALWAYS_SEARCH_USER_PATHS = NO;
				CLANG_CXX_LANGUAGE_STANDARD = "gnu++0x";
				CLANG_CXX_LIBRARY = "libc++";
				CLANG_ENABLE_MODULES = YES;
				CLANG_ENABLE_OBJC_ARC = YES;
				CLANG_WARN_BOOL_CONVERSION = YES;
				CLANG_WARN_CONSTANT_CONVERSION = YES;
				CLANG_WARN_DIRECT_OBJC_ISA_USAGE = YES_ERROR;
				CLANG_WARN_EMPTY_BODY = YES;
				CLANG_WARN_ENUM_CONVERSION = YES;
				CLANG_WARN_INT_CONVERSION = YES;
				CLANG_WARN_OBJC_ROOT_CLASS = YES_ERROR;
				CLANG_WARN_UNREACHABLE_CODE = YES;
				CLANG_WARN__DUPLICATE_METHOD_MATCH = YES;
				"CODE_SIGN_IDENTITY[sdk=iphoneos*]" = "iPhone Developer";
				COPY_PHASE_STRIP = NO;
				DEBUG_INFORMATION_FORMAT = "dwarf-with-dsym";
				ENABLE_STRICT_OBJC_MSGSEND = YES;
				GCC_C_LANGUAGE_STANDARD = gnu99;
				GCC_DYNAMIC_NO_PIC = NO;
				GCC_NO_COMMON_BLOCKS = YES;
				GCC_OPTIMIZATION_LEVEL = 0;
				GCC_PREPROCESSOR_DEFINITIONS = (
					"DEBUG=1",
					"$(inherited)",
				);
				GCC_SYMBOLS_PRIVATE_EXTERN = NO;
				GCC_WARN_64_TO_32_BIT_CONVERSION = YES;
				GCC_WARN_ABOUT_RETURN_TYPE = YES_ERROR;
				GCC_WARN_UNDECLARED_SELECTOR = YES;
				GCC_WARN_UNINITIALIZED_AUTOS = YES_AGGRESSIVE;
				GCC_WARN_UNUSED_FUNCTION = YES;
				GCC_WARN_UNUSED_VARIABLE = YES;
				IPHONEOS_DEPLOYMENT_TARGET = 8.4;
				MTL_ENABLE_DEBUG_INFO = YES;
				ONLY_ACTIVE_ARCH = YES;
				SDKROOT = iphoneos;
				TARGETED_DEVICE_FAMILY = "1,2";
			};
			name = Debug;
		};
		A53724B01C1FB87B00441A08 /* Release */ = {
			isa = XCBuildConfiguration;
			buildSettings = {
				ALWAYS_SEARCH_USER_PATHS = NO;
				CLANG_CXX_LANGUAGE_STANDARD = "gnu++0x";
				CLANG_CXX_LIBRARY = "libc++";
				CLANG_ENABLE_MODULES = YES;
				CLANG_ENABLE_OBJC_ARC = YES;
				CLANG_WARN_BOOL_CONVERSION = YES;
				CLANG_WARN_CONSTANT_CONVERSION = YES;
				CLANG_WARN_DIRECT_OBJC_ISA_USAGE = YES_ERROR;
				CLANG_WARN_EMPTY_BODY = YES;
				CLANG_WARN_ENUM_CONVERSION = YES;
				CLANG_WARN_INT_CONVERSION = YES;
				CLANG_WARN_OBJC_ROOT_CLASS = YES_ERROR;
				CLANG_WARN_UNREACHABLE_CODE = YES;
				CLANG_WARN__DUPLICATE_METHOD_MATCH = YES;
				"CODE_SIGN_IDENTITY[sdk=iphoneos*]" = "iPhone Developer";
				COPY_PHASE_STRIP = NO;
				DEBUG_INFORMATION_FORMAT = "dwarf-with-dsym";
				ENABLE_NS_ASSERTIONS = NO;
				ENABLE_STRICT_OBJC_MSGSEND = YES;
				GCC_C_LANGUAGE_STANDARD = gnu99;
				GCC_NO_COMMON_BLOCKS = YES;
				GCC_WARN_64_TO_32_BIT_CONVERSION = YES;
				GCC_WARN_ABOUT_RETURN_TYPE = YES_ERROR;
				GCC_WARN_UNDECLARED_SELECTOR = YES;
				GCC_WARN_UNINITIALIZED_AUTOS = YES_AGGRESSIVE;
				GCC_WARN_UNUSED_FUNCTION = YES;
				GCC_WARN_UNUSED_VARIABLE = YES;
				IPHONEOS_DEPLOYMENT_TARGET = 8.4;
				MTL_ENABLE_DEBUG_INFO = NO;
				SDKROOT = iphoneos;
				TARGETED_DEVICE_FAMILY = "1,2";
				VALIDATE_PRODUCT = YES;
			};
			name = Release;
		};
		A53724B21C1FB87B00441A08 /* Debug */ = {
			isa = XCBuildConfiguration;
			buildSettings = {
				ASSETCATALOG_COMPILER_APPICON_NAME = AppIcon;
				GCC_PREFIX_HEADER = "";
				INFOPLIST_FILE = Log/Info.plist;
				LD_RUNPATH_SEARCH_PATHS = "$(inherited) @executable_path/Frameworks";
				PRODUCT_NAME = "$(TARGET_NAME)";
			};
			name = Debug;
		};
		A53724B31C1FB87B00441A08 /* Release */ = {
			isa = XCBuildConfiguration;
			buildSettings = {
				ASSETCATALOG_COMPILER_APPICON_NAME = AppIcon;
				GCC_PREFIX_HEADER = "";
				INFOPLIST_FILE = Log/Info.plist;
				LD_RUNPATH_SEARCH_PATHS = "$(inherited) @executable_path/Frameworks";
				PRODUCT_NAME = "$(TARGET_NAME)";
			};
			name = Release;
		};
		A53724B51C1FB87B00441A08 /* Debug */ = {
			isa = XCBuildConfiguration;
			buildSettings = {
				BUNDLE_LOADER = "$(TEST_HOST)";
				FRAMEWORK_SEARCH_PATHS = (
					"$(SDKROOT)/Developer/Library/Frameworks",
					"$(inherited)",
				);
				GCC_PREPROCESSOR_DEFINITIONS = (
					"DEBUG=1",
					"$(inherited)",
				);
				INFOPLIST_FILE = LogTests/Info.plist;
				LD_RUNPATH_SEARCH_PATHS = "$(inherited) @executable_path/Frameworks @loader_path/Frameworks";
				PRODUCT_NAME = "$(TARGET_NAME)";
				TEST_HOST = "$(BUILT_PRODUCTS_DIR)/Log.app/Log";
			};
			name = Debug;
		};
		A53724B61C1FB87B00441A08 /* Release */ = {
			isa = XCBuildConfiguration;
			buildSettings = {
				BUNDLE_LOADER = "$(TEST_HOST)";
				FRAMEWORK_SEARCH_PATHS = (
					"$(SDKROOT)/Developer/Library/Frameworks",
					"$(inherited)",
				);
				INFOPLIST_FILE = LogTests/Info.plist;
				LD_RUNPATH_SEARCH_PATHS = "$(inherited) @executable_path/Frameworks @loader_path/Frameworks";
				PRODUCT_NAME = "$(TARGET_NAME)";
				TEST_HOST = "$(BUILT_PRODUCTS_DIR)/Log.app/Log";
			};
			name = Release;
		};
/* End XCBuildConfiguration section */

/* Begin XCConfigurationList section */
		A53724891C1FB87B00441A08 /* Build configuration list for PBXProject "Log" */ = {
			isa = XCConfigurationList;
			buildConfigurations = (
				A53724AF1C1FB87B00441A08 /* Debug */,
				A53724B01C1FB87B00441A08 /* Release */,
			);
			defaultConfigurationIsVisible = 0;
			defaultConfigurationName = Release;
		};
		A53724B11C1FB87B00441A08 /* Build configuration list for PBXNativeTarget "Log" */ = {
			isa = XCConfigurationList;
			buildConfigurations = (
				A53724B21C1FB87B00441A08 /* Debug */,
				A53724B31C1FB87B00441A08 /* Release */,
			);
			defaultConfigurationIsVisible = 0;
			defaultConfigurationName = Release;
		};
		A53724B41C1FB87B00441A08 /* Build configuration list for PBXNativeTarget "LogTests" */ = {
			isa = XCConfigurationList;
			buildConfigurations = (
				A53724B51C1FB87B00441A08 /* Debug */,
				A53724B61C1FB87B00441A08 /* Release */,
			);
			defaultConfigurationIsVisible = 0;
			defaultConfigurationName = Release;
		};
/* End XCConfigurationList section */
	};
	rootObject = A53724861C1FB87B00441A08 /* Project object */;
}
